// !$*UTF8*$!
{
	archiveVersion = 1;
	classes = {
	};
	objectVersion = 55;
	objects = {

/* Begin PBXBuildFile section */
		B46BBBEC2463272DBFF60ECF /* Pods_MusicLibrary.framework in Frameworks */ = {isa = PBXBuildFile; fileRef = 1F2297D36DB53399F6EE89E0 /* Pods_MusicLibrary.framework */; };
		BDBE356927C103D4008252A0 /* AppDelegate.swift in Sources */ = {isa = PBXBuildFile; fileRef = BDBE356827C103D4008252A0 /* AppDelegate.swift */; };
		BDBE356B27C103D4008252A0 /* SceneDelegate.swift in Sources */ = {isa = PBXBuildFile; fileRef = BDBE356A27C103D4008252A0 /* SceneDelegate.swift */; };
		BDBE356D27C103D4008252A0 /* ViewController.swift in Sources */ = {isa = PBXBuildFile; fileRef = BDBE356C27C103D4008252A0 /* ViewController.swift */; };
		BDBE357027C103D4008252A0 /* Main.storyboard in Resources */ = {isa = PBXBuildFile; fileRef = BDBE356E27C103D4008252A0 /* Main.storyboard */; };
		BDBE357227C103D5008252A0 /* Assets.xcassets in Resources */ = {isa = PBXBuildFile; fileRef = BDBE357127C103D5008252A0 /* Assets.xcassets */; };
		BDBE357527C103D5008252A0 /* LaunchScreen.storyboard in Resources */ = {isa = PBXBuildFile; fileRef = BDBE357327C103D5008252A0 /* LaunchScreen.storyboard */; };
		BDBE358427C10F56008252A0 /* TabBarPresenter.swift in Sources */ = {isa = PBXBuildFile; fileRef = BDBE357E27C10F56008252A0 /* TabBarPresenter.swift */; };
		BDBE358527C10F56008252A0 /* TabBarRouter.swift in Sources */ = {isa = PBXBuildFile; fileRef = BDBE357F27C10F56008252A0 /* TabBarRouter.swift */; };
		BDBE358627C10F56008252A0 /* TabBarModels.swift in Sources */ = {isa = PBXBuildFile; fileRef = BDBE358027C10F56008252A0 /* TabBarModels.swift */; };
		BDBE358727C10F57008252A0 /* TabBarInteractor.swift in Sources */ = {isa = PBXBuildFile; fileRef = BDBE358127C10F56008252A0 /* TabBarInteractor.swift */; };
		BDBE358827C10F57008252A0 /* TabBarProtocol.swift in Sources */ = {isa = PBXBuildFile; fileRef = BDBE358227C10F56008252A0 /* TabBarProtocol.swift */; };
		BDBE358927C10F57008252A0 /* TabBarVC.swift in Sources */ = {isa = PBXBuildFile; fileRef = BDBE358327C10F56008252A0 /* TabBarVC.swift */; };
		BDBE359127C11053008252A0 /* LibraryPresenter.swift in Sources */ = {isa = PBXBuildFile; fileRef = BDBE358B27C11053008252A0 /* LibraryPresenter.swift */; };
		BDBE359227C11053008252A0 /* LibraryRouter.swift in Sources */ = {isa = PBXBuildFile; fileRef = BDBE358C27C11053008252A0 /* LibraryRouter.swift */; };
		BDBE359327C11053008252A0 /* LibraryModels.swift in Sources */ = {isa = PBXBuildFile; fileRef = BDBE358D27C11053008252A0 /* LibraryModels.swift */; };
		BDBE359427C11053008252A0 /* LibraryInteractor.swift in Sources */ = {isa = PBXBuildFile; fileRef = BDBE358E27C11053008252A0 /* LibraryInteractor.swift */; };
		BDBE359527C11053008252A0 /* LibraryProtocol.swift in Sources */ = {isa = PBXBuildFile; fileRef = BDBE358F27C11053008252A0 /* LibraryProtocol.swift */; };
		BDBE359627C11053008252A0 /* LibraryVC.swift in Sources */ = {isa = PBXBuildFile; fileRef = BDBE359027C11053008252A0 /* LibraryVC.swift */; };
		BDBE359E27C110C6008252A0 /* FavoritePresenter.swift in Sources */ = {isa = PBXBuildFile; fileRef = BDBE359827C110C6008252A0 /* FavoritePresenter.swift */; };
		BDBE359F27C110C6008252A0 /* FavoriteRouter.swift in Sources */ = {isa = PBXBuildFile; fileRef = BDBE359927C110C6008252A0 /* FavoriteRouter.swift */; };
		BDBE35A027C110C6008252A0 /* FavoriteModels.swift in Sources */ = {isa = PBXBuildFile; fileRef = BDBE359A27C110C6008252A0 /* FavoriteModels.swift */; };
		BDBE35A127C110C6008252A0 /* FavoriteInteractor.swift in Sources */ = {isa = PBXBuildFile; fileRef = BDBE359B27C110C6008252A0 /* FavoriteInteractor.swift */; };
		BDBE35A227C110C6008252A0 /* FavoriteProtocol.swift in Sources */ = {isa = PBXBuildFile; fileRef = BDBE359C27C110C6008252A0 /* FavoriteProtocol.swift */; };
		BDBE35A327C110C6008252A0 /* FavoriteVC.swift in Sources */ = {isa = PBXBuildFile; fileRef = BDBE359D27C110C6008252A0 /* FavoriteVC.swift */; };
		BDBE35B827C11F36008252A0 /* SongTableViewCell.swift in Sources */ = {isa = PBXBuildFile; fileRef = BDBE35B727C11F36008252A0 /* SongTableViewCell.swift */; };
		BDBE35BF27C1221B008252A0 /* MusicListTableViewController.swift in Sources */ = {isa = PBXBuildFile; fileRef = BDBE35BE27C1221B008252A0 /* MusicListTableViewController.swift */; };
		BDBE35C327C13A30008252A0 /* Configures.swift in Sources */ = {isa = PBXBuildFile; fileRef = BDBE35C227C13A2F008252A0 /* Configures.swift */; };
		BDBE35C527C13B2C008252A0 /* Colors.swift in Sources */ = {isa = PBXBuildFile; fileRef = BDBE35C427C13B2C008252A0 /* Colors.swift */; };
		BDBE35C727C13DB8008252A0 /* Identifiers.swift in Sources */ = {isa = PBXBuildFile; fileRef = BDBE35C627C13DB8008252A0 /* Identifiers.swift */; };
		BDBE35CB27C140B4008252A0 /* Router.swift in Sources */ = {isa = PBXBuildFile; fileRef = BDBE35CA27C140B4008252A0 /* Router.swift */; };
		BDBE35CD27C140E8008252A0 /* Service.swift in Sources */ = {isa = PBXBuildFile; fileRef = BDBE35CC27C140E8008252A0 /* Service.swift */; };
		BDBE35CF27C140F4008252A0 /* APIManager.swift in Sources */ = {isa = PBXBuildFile; fileRef = BDBE35CE27C140F4008252A0 /* APIManager.swift */; };
		BDBE35D127C14132008252A0 /* Reachability.swift in Sources */ = {isa = PBXBuildFile; fileRef = BDBE35D027C14132008252A0 /* Reachability.swift */; };
		BDBE35D327C149AA008252A0 /* MusicModel.swift in Sources */ = {isa = PBXBuildFile; fileRef = BDBE35D227C149AA008252A0 /* MusicModel.swift */; };
		BDBE35F627C1725A008252A0 /* FavoriteSongs.xcdatamodeld in Sources */ = {isa = PBXBuildFile; fileRef = BDBE35F427C1725A008252A0 /* FavoriteSongs.xcdatamodeld */; };
		BDBE35FC27C179AB008252A0 /* FavoriteSongs.swift in Sources */ = {isa = PBXBuildFile; fileRef = BDBE35FB27C179AB008252A0 /* FavoriteSongs.swift */; };
		BDBE35FE27C2B8AE008252A0 /* Extension + UITableView.swift in Sources */ = {isa = PBXBuildFile; fileRef = BDBE35FD27C2B8AE008252A0 /* Extension + UITableView.swift */; };
		BDBE360027C2BD70008252A0 /* Extension + UIColor.swift in Sources */ = {isa = PBXBuildFile; fileRef = BDBE35FF27C2BD70008252A0 /* Extension + UIColor.swift */; };
		BDBE360227C2CA0F008252A0 /* Image.swift in Sources */ = {isa = PBXBuildFile; fileRef = BDBE360127C2CA0F008252A0 /* Image.swift */; };
/* End PBXBuildFile section */

/* Begin PBXFileReference section */
		1F2297D36DB53399F6EE89E0 /* Pods_MusicLibrary.framework */ = {isa = PBXFileReference; explicitFileType = wrapper.framework; includeInIndex = 0; path = Pods_MusicLibrary.framework; sourceTree = BUILT_PRODUCTS_DIR; };
		405793E2E2B49F9325A156D4 /* Pods-MusicLibrary.debug.xcconfig */ = {isa = PBXFileReference; includeInIndex = 1; lastKnownFileType = text.xcconfig; name = "Pods-MusicLibrary.debug.xcconfig"; path = "Target Support Files/Pods-MusicLibrary/Pods-MusicLibrary.debug.xcconfig"; sourceTree = "<group>"; };
		623F077D66A1BF952682EBA2 /* Pods-MusicLibrary.release.xcconfig */ = {isa = PBXFileReference; includeInIndex = 1; lastKnownFileType = text.xcconfig; name = "Pods-MusicLibrary.release.xcconfig"; path = "Target Support Files/Pods-MusicLibrary/Pods-MusicLibrary.release.xcconfig"; sourceTree = "<group>"; };
		BDBE356527C103D4008252A0 /* MusicLibrary.app */ = {isa = PBXFileReference; explicitFileType = wrapper.application; includeInIndex = 0; path = MusicLibrary.app; sourceTree = BUILT_PRODUCTS_DIR; };
		BDBE356827C103D4008252A0 /* AppDelegate.swift */ = {isa = PBXFileReference; lastKnownFileType = sourcecode.swift; path = AppDelegate.swift; sourceTree = "<group>"; };
		BDBE356A27C103D4008252A0 /* SceneDelegate.swift */ = {isa = PBXFileReference; lastKnownFileType = sourcecode.swift; path = SceneDelegate.swift; sourceTree = "<group>"; };
		BDBE356C27C103D4008252A0 /* ViewController.swift */ = {isa = PBXFileReference; lastKnownFileType = sourcecode.swift; path = ViewController.swift; sourceTree = "<group>"; };
		BDBE356F27C103D4008252A0 /* Base */ = {isa = PBXFileReference; lastKnownFileType = file.storyboard; name = Base; path = Base.lproj/Main.storyboard; sourceTree = "<group>"; };
		BDBE357127C103D5008252A0 /* Assets.xcassets */ = {isa = PBXFileReference; lastKnownFileType = folder.assetcatalog; path = Assets.xcassets; sourceTree = "<group>"; };
		BDBE357427C103D5008252A0 /* Base */ = {isa = PBXFileReference; lastKnownFileType = file.storyboard; name = Base; path = Base.lproj/LaunchScreen.storyboard; sourceTree = "<group>"; };
		BDBE357627C103D5008252A0 /* Info.plist */ = {isa = PBXFileReference; lastKnownFileType = text.plist.xml; path = Info.plist; sourceTree = "<group>"; };
		BDBE357E27C10F56008252A0 /* TabBarPresenter.swift */ = {isa = PBXFileReference; lastKnownFileType = sourcecode.swift; path = TabBarPresenter.swift; sourceTree = "<group>"; };
		BDBE357F27C10F56008252A0 /* TabBarRouter.swift */ = {isa = PBXFileReference; lastKnownFileType = sourcecode.swift; path = TabBarRouter.swift; sourceTree = "<group>"; };
		BDBE358027C10F56008252A0 /* TabBarModels.swift */ = {isa = PBXFileReference; lastKnownFileType = sourcecode.swift; path = TabBarModels.swift; sourceTree = "<group>"; };
		BDBE358127C10F56008252A0 /* TabBarInteractor.swift */ = {isa = PBXFileReference; lastKnownFileType = sourcecode.swift; path = TabBarInteractor.swift; sourceTree = "<group>"; };
		BDBE358227C10F56008252A0 /* TabBarProtocol.swift */ = {isa = PBXFileReference; lastKnownFileType = sourcecode.swift; path = TabBarProtocol.swift; sourceTree = "<group>"; };
		BDBE358327C10F56008252A0 /* TabBarVC.swift */ = {isa = PBXFileReference; lastKnownFileType = sourcecode.swift; path = TabBarVC.swift; sourceTree = "<group>"; };
		BDBE358B27C11053008252A0 /* LibraryPresenter.swift */ = {isa = PBXFileReference; lastKnownFileType = sourcecode.swift; path = LibraryPresenter.swift; sourceTree = "<group>"; };
		BDBE358C27C11053008252A0 /* LibraryRouter.swift */ = {isa = PBXFileReference; lastKnownFileType = sourcecode.swift; path = LibraryRouter.swift; sourceTree = "<group>"; };
		BDBE358D27C11053008252A0 /* LibraryModels.swift */ = {isa = PBXFileReference; lastKnownFileType = sourcecode.swift; path = LibraryModels.swift; sourceTree = "<group>"; };
		BDBE358E27C11053008252A0 /* LibraryInteractor.swift */ = {isa = PBXFileReference; lastKnownFileType = sourcecode.swift; path = LibraryInteractor.swift; sourceTree = "<group>"; };
		BDBE358F27C11053008252A0 /* LibraryProtocol.swift */ = {isa = PBXFileReference; lastKnownFileType = sourcecode.swift; path = LibraryProtocol.swift; sourceTree = "<group>"; };
		BDBE359027C11053008252A0 /* LibraryVC.swift */ = {isa = PBXFileReference; lastKnownFileType = sourcecode.swift; path = LibraryVC.swift; sourceTree = "<group>"; };
		BDBE359827C110C6008252A0 /* FavoritePresenter.swift */ = {isa = PBXFileReference; lastKnownFileType = sourcecode.swift; path = FavoritePresenter.swift; sourceTree = "<group>"; };
		BDBE359927C110C6008252A0 /* FavoriteRouter.swift */ = {isa = PBXFileReference; lastKnownFileType = sourcecode.swift; path = FavoriteRouter.swift; sourceTree = "<group>"; };
		BDBE359A27C110C6008252A0 /* FavoriteModels.swift */ = {isa = PBXFileReference; lastKnownFileType = sourcecode.swift; path = FavoriteModels.swift; sourceTree = "<group>"; };
		BDBE359B27C110C6008252A0 /* FavoriteInteractor.swift */ = {isa = PBXFileReference; lastKnownFileType = sourcecode.swift; path = FavoriteInteractor.swift; sourceTree = "<group>"; };
		BDBE359C27C110C6008252A0 /* FavoriteProtocol.swift */ = {isa = PBXFileReference; lastKnownFileType = sourcecode.swift; path = FavoriteProtocol.swift; sourceTree = "<group>"; };
		BDBE359D27C110C6008252A0 /* FavoriteVC.swift */ = {isa = PBXFileReference; lastKnownFileType = sourcecode.swift; path = FavoriteVC.swift; sourceTree = "<group>"; };
		BDBE35B727C11F36008252A0 /* SongTableViewCell.swift */ = {isa = PBXFileReference; lastKnownFileType = sourcecode.swift; path = SongTableViewCell.swift; sourceTree = "<group>"; };
		BDBE35BE27C1221B008252A0 /* MusicListTableViewController.swift */ = {isa = PBXFileReference; lastKnownFileType = sourcecode.swift; path = MusicListTableViewController.swift; sourceTree = "<group>"; };
		BDBE35C227C13A2F008252A0 /* Configures.swift */ = {isa = PBXFileReference; lastKnownFileType = sourcecode.swift; path = Configures.swift; sourceTree = "<group>"; };
		BDBE35C427C13B2C008252A0 /* Colors.swift */ = {isa = PBXFileReference; lastKnownFileType = sourcecode.swift; path = Colors.swift; sourceTree = "<group>"; };
		BDBE35C627C13DB8008252A0 /* Identifiers.swift */ = {isa = PBXFileReference; lastKnownFileType = sourcecode.swift; path = Identifiers.swift; sourceTree = "<group>"; };
		BDBE35CA27C140B4008252A0 /* Router.swift */ = {isa = PBXFileReference; lastKnownFileType = sourcecode.swift; path = Router.swift; sourceTree = "<group>"; };
		BDBE35CC27C140E8008252A0 /* Service.swift */ = {isa = PBXFileReference; lastKnownFileType = sourcecode.swift; path = Service.swift; sourceTree = "<group>"; };
		BDBE35CE27C140F4008252A0 /* APIManager.swift */ = {isa = PBXFileReference; lastKnownFileType = sourcecode.swift; path = APIManager.swift; sourceTree = "<group>"; };
		BDBE35D027C14132008252A0 /* Reachability.swift */ = {isa = PBXFileReference; lastKnownFileType = sourcecode.swift; path = Reachability.swift; sourceTree = "<group>"; };
		BDBE35D227C149AA008252A0 /* MusicModel.swift */ = {isa = PBXFileReference; lastKnownFileType = sourcecode.swift; path = MusicModel.swift; sourceTree = "<group>"; };
		BDBE35F527C1725A008252A0 /* FavoriteSongs.xcdatamodel */ = {isa = PBXFileReference; lastKnownFileType = wrapper.xcdatamodel; path = FavoriteSongs.xcdatamodel; sourceTree = "<group>"; };
		BDBE35FB27C179AB008252A0 /* FavoriteSongs.swift */ = {isa = PBXFileReference; lastKnownFileType = sourcecode.swift; path = FavoriteSongs.swift; sourceTree = "<group>"; };
		BDBE35FD27C2B8AE008252A0 /* Extension + UITableView.swift */ = {isa = PBXFileReference; lastKnownFileType = sourcecode.swift; path = "Extension + UITableView.swift"; sourceTree = "<group>"; };
		BDBE35FF27C2BD70008252A0 /* Extension + UIColor.swift */ = {isa = PBXFileReference; lastKnownFileType = sourcecode.swift; path = "Extension + UIColor.swift"; sourceTree = "<group>"; };
		BDBE360127C2CA0F008252A0 /* Image.swift */ = {isa = PBXFileReference; lastKnownFileType = sourcecode.swift; path = Image.swift; sourceTree = "<group>"; };
/* End PBXFileReference section */

/* Begin PBXFrameworksBuildPhase section */
		BDBE356227C103D4008252A0 /* Frameworks */ = {
			isa = PBXFrameworksBuildPhase;
			buildActionMask = 2147483647;
			files = (
				B46BBBEC2463272DBFF60ECF /* Pods_MusicLibrary.framework in Frameworks */,
			);
			runOnlyForDeploymentPostprocessing = 0;
		};
/* End PBXFrameworksBuildPhase section */

/* Begin PBXGroup section */
		BDBE355C27C103D4008252A0 = {
			isa = PBXGroup;
			children = (
				BDBE356727C103D4008252A0 /* MusicLibrary */,
				BDBE356627C103D4008252A0 /* Products */,
				EFF2E2921DCEDEC73790DB7E /* Pods */,
				F02C39C64B4831B3F0008EB1 /* Frameworks */,
			);
			sourceTree = "<group>";
		};
		BDBE356627C103D4008252A0 /* Products */ = {
			isa = PBXGroup;
			children = (
				BDBE356527C103D4008252A0 /* MusicLibrary.app */,
			);
			name = Products;
			sourceTree = "<group>";
		};
		BDBE356727C103D4008252A0 /* MusicLibrary */ = {
			isa = PBXGroup;
			children = (
				BDBE35C827C14091008252A0 /* Core */,
				BDBE35C027C139C4008252A0 /* Extensions */,
				BDBE35C127C139CD008252A0 /* Utils */,
				BDBE35A427C11226008252A0 /* Commons */,
				BDBE357C27C10F40008252A0 /* Modules */,
				BDBE356827C103D4008252A0 /* AppDelegate.swift */,
				BDBE356A27C103D4008252A0 /* SceneDelegate.swift */,
				BDBE356C27C103D4008252A0 /* ViewController.swift */,
				BDBE356E27C103D4008252A0 /* Main.storyboard */,
				BDBE357127C103D5008252A0 /* Assets.xcassets */,
				BDBE357327C103D5008252A0 /* LaunchScreen.storyboard */,
				BDBE357627C103D5008252A0 /* Info.plist */,
				BDBE35F427C1725A008252A0 /* FavoriteSongs.xcdatamodeld */,
			);
			path = MusicLibrary;
			sourceTree = "<group>";
		};
		BDBE357C27C10F40008252A0 /* Modules */ = {
			isa = PBXGroup;
			children = (
				BDBE359727C110B1008252A0 /* Favorite */,
				BDBE358A27C11041008252A0 /* Library */,
				BDBE357D27C10F45008252A0 /* TabBar */,
			);
			path = Modules;
			sourceTree = "<group>";
		};
		BDBE357D27C10F45008252A0 /* TabBar */ = {
			isa = PBXGroup;
			children = (
				BDBE357E27C10F56008252A0 /* TabBarPresenter.swift */,
				BDBE357F27C10F56008252A0 /* TabBarRouter.swift */,
				BDBE358027C10F56008252A0 /* TabBarModels.swift */,
				BDBE358127C10F56008252A0 /* TabBarInteractor.swift */,
				BDBE358227C10F56008252A0 /* TabBarProtocol.swift */,
				BDBE358327C10F56008252A0 /* TabBarVC.swift */,
			);
			path = TabBar;
			sourceTree = "<group>";
		};
		BDBE358A27C11041008252A0 /* Library */ = {
			isa = PBXGroup;
			children = (
				BDBE358B27C11053008252A0 /* LibraryPresenter.swift */,
				BDBE358C27C11053008252A0 /* LibraryRouter.swift */,
				BDBE358D27C11053008252A0 /* LibraryModels.swift */,
				BDBE358E27C11053008252A0 /* LibraryInteractor.swift */,
				BDBE358F27C11053008252A0 /* LibraryProtocol.swift */,
				BDBE359027C11053008252A0 /* LibraryVC.swift */,
			);
			path = Library;
			sourceTree = "<group>";
		};
		BDBE359727C110B1008252A0 /* Favorite */ = {
			isa = PBXGroup;
			children = (
				BDBE359827C110C6008252A0 /* FavoritePresenter.swift */,
				BDBE359927C110C6008252A0 /* FavoriteRouter.swift */,
				BDBE359A27C110C6008252A0 /* FavoriteModels.swift */,
				BDBE359B27C110C6008252A0 /* FavoriteInteractor.swift */,
				BDBE359C27C110C6008252A0 /* FavoriteProtocol.swift */,
				BDBE359D27C110C6008252A0 /* FavoriteVC.swift */,
			);
			path = Favorite;
			sourceTree = "<group>";
		};
		BDBE35A427C11226008252A0 /* Commons */ = {
			isa = PBXGroup;
			children = (
				BDBE35BD27C121E8008252A0 /* Views */,
				BDBE35B927C11FC6008252A0 /* Models */,
			);
			path = Commons;
			sourceTree = "<group>";
		};
		BDBE35B627C11F18008252A0 /* Cells */ = {
			isa = PBXGroup;
			children = (
				BDBE35B727C11F36008252A0 /* SongTableViewCell.swift */,
			);
			path = Cells;
			sourceTree = "<group>";
		};
		BDBE35B927C11FC6008252A0 /* Models */ = {
			isa = PBXGroup;
			children = (
				BDBE35D227C149AA008252A0 /* MusicModel.swift */,
				BDBE35FB27C179AB008252A0 /* FavoriteSongs.swift */,
				BDBE360127C2CA0F008252A0 /* Image.swift */,
			);
			path = Models;
			sourceTree = "<group>";
		};
		BDBE35BA27C121BB008252A0 /* MusicListTableViewController */ = {
			isa = PBXGroup;
			children = (
				BDBE35B627C11F18008252A0 /* Cells */,
				BDBE35BE27C1221B008252A0 /* MusicListTableViewController.swift */,
			);
			path = MusicListTableViewController;
			sourceTree = "<group>";
		};
		BDBE35BD27C121E8008252A0 /* Views */ = {
			isa = PBXGroup;
			children = (
				BDBE35BA27C121BB008252A0 /* MusicListTableViewController */,
			);
			path = Views;
			sourceTree = "<group>";
		};
		BDBE35C027C139C4008252A0 /* Extensions */ = {
			isa = PBXGroup;
			children = (
				BDBE35FD27C2B8AE008252A0 /* Extension + UITableView.swift */,
				BDBE35FF27C2BD70008252A0 /* Extension + UIColor.swift */,
			);
			path = Extensions;
			sourceTree = "<group>";
		};
		BDBE35C127C139CD008252A0 /* Utils */ = {
			isa = PBXGroup;
			children = (
				BDBE35C227C13A2F008252A0 /* Configures.swift */,
				BDBE35C427C13B2C008252A0 /* Colors.swift */,
				BDBE35C627C13DB8008252A0 /* Identifiers.swift */,
			);
			path = Utils;
			sourceTree = "<group>";
		};
		BDBE35C827C14091008252A0 /* Core */ = {
			isa = PBXGroup;
			children = (
				BDBE35C927C1409D008252A0 /* Reachability */,
				BDBE35CA27C140B4008252A0 /* Router.swift */,
				BDBE35CC27C140E8008252A0 /* Service.swift */,
				BDBE35CE27C140F4008252A0 /* APIManager.swift */,
			);
			path = Core;
			sourceTree = "<group>";
		};
		BDBE35C927C1409D008252A0 /* Reachability */ = {
			isa = PBXGroup;
			children = (
				BDBE35D027C14132008252A0 /* Reachability.swift */,
			);
			path = Reachability;
			sourceTree = "<group>";
		};
		EFF2E2921DCEDEC73790DB7E /* Pods */ = {
			isa = PBXGroup;
			children = (
				405793E2E2B49F9325A156D4 /* Pods-MusicLibrary.debug.xcconfig */,
				623F077D66A1BF952682EBA2 /* Pods-MusicLibrary.release.xcconfig */,
			);
			path = Pods;
			sourceTree = "<group>";
		};
		F02C39C64B4831B3F0008EB1 /* Frameworks */ = {
			isa = PBXGroup;
			children = (
				1F2297D36DB53399F6EE89E0 /* Pods_MusicLibrary.framework */,
			);
			name = Frameworks;
			sourceTree = "<group>";
		};
/* End PBXGroup section */

/* Begin PBXNativeTarget section */
		BDBE356427C103D4008252A0 /* MusicLibrary */ = {
			isa = PBXNativeTarget;
			buildConfigurationList = BDBE357927C103D5008252A0 /* Build configuration list for PBXNativeTarget "MusicLibrary" */;
			buildPhases = (
				B33BBEEF9C3CBF221BBA2590 /* [CP] Check Pods Manifest.lock */,
				BDBE356127C103D4008252A0 /* Sources */,
				BDBE356227C103D4008252A0 /* Frameworks */,
				BDBE356327C103D4008252A0 /* Resources */,
				B5B4EACFA4B4703EA21AAD9F /* [CP] Embed Pods Frameworks */,
			);
			buildRules = (
			);
			dependencies = (
			);
			name = MusicLibrary;
			productName = MusicLibrary;
			productReference = BDBE356527C103D4008252A0 /* MusicLibrary.app */;
			productType = "com.apple.product-type.application";
		};
/* End PBXNativeTarget section */

/* Begin PBXProject section */
		BDBE355D27C103D4008252A0 /* Project object */ = {
			isa = PBXProject;
			attributes = {
				BuildIndependentTargetsInParallel = 1;
				LastSwiftUpdateCheck = 1320;
				LastUpgradeCheck = 1320;
				TargetAttributes = {
					BDBE356427C103D4008252A0 = {
						CreatedOnToolsVersion = 13.2;
					};
				};
			};
			buildConfigurationList = BDBE356027C103D4008252A0 /* Build configuration list for PBXProject "MusicLibrary" */;
			compatibilityVersion = "Xcode 13.0";
			developmentRegion = en;
			hasScannedForEncodings = 0;
			knownRegions = (
				en,
				Base,
			);
			mainGroup = BDBE355C27C103D4008252A0;
			productRefGroup = BDBE356627C103D4008252A0 /* Products */;
			projectDirPath = "";
			projectRoot = "";
			targets = (
				BDBE356427C103D4008252A0 /* MusicLibrary */,
			);
		};
/* End PBXProject section */

/* Begin PBXResourcesBuildPhase section */
		BDBE356327C103D4008252A0 /* Resources */ = {
			isa = PBXResourcesBuildPhase;
			buildActionMask = 2147483647;
			files = (
				BDBE357527C103D5008252A0 /* LaunchScreen.storyboard in Resources */,
				BDBE357227C103D5008252A0 /* Assets.xcassets in Resources */,
				BDBE357027C103D4008252A0 /* Main.storyboard in Resources */,
			);
			runOnlyForDeploymentPostprocessing = 0;
		};
/* End PBXResourcesBuildPhase section */

/* Begin PBXShellScriptBuildPhase section */
		B33BBEEF9C3CBF221BBA2590 /* [CP] Check Pods Manifest.lock */ = {
			isa = PBXShellScriptBuildPhase;
			buildActionMask = 2147483647;
			files = (
			);
			inputFileListPaths = (
			);
			inputPaths = (
				"${PODS_PODFILE_DIR_PATH}/Podfile.lock",
				"${PODS_ROOT}/Manifest.lock",
			);
			name = "[CP] Check Pods Manifest.lock";
			outputFileListPaths = (
			);
			outputPaths = (
				"$(DERIVED_FILE_DIR)/Pods-MusicLibrary-checkManifestLockResult.txt",
			);
			runOnlyForDeploymentPostprocessing = 0;
			shellPath = /bin/sh;
			shellScript = "diff \"${PODS_PODFILE_DIR_PATH}/Podfile.lock\" \"${PODS_ROOT}/Manifest.lock\" > /dev/null\nif [ $? != 0 ] ; then\n    # print error to STDERR\n    echo \"error: The sandbox is not in sync with the Podfile.lock. Run 'pod install' or update your CocoaPods installation.\" >&2\n    exit 1\nfi\n# This output is used by Xcode 'outputs' to avoid re-running this script phase.\necho \"SUCCESS\" > \"${SCRIPT_OUTPUT_FILE_0}\"\n";
			showEnvVarsInLog = 0;
		};
		B5B4EACFA4B4703EA21AAD9F /* [CP] Embed Pods Frameworks */ = {
			isa = PBXShellScriptBuildPhase;
			buildActionMask = 2147483647;
			files = (
			);
			inputFileListPaths = (
				"${PODS_ROOT}/Target Support Files/Pods-MusicLibrary/Pods-MusicLibrary-frameworks-${CONFIGURATION}-input-files.xcfilelist",
			);
			name = "[CP] Embed Pods Frameworks";
			outputFileListPaths = (
				"${PODS_ROOT}/Target Support Files/Pods-MusicLibrary/Pods-MusicLibrary-frameworks-${CONFIGURATION}-output-files.xcfilelist",
			);
			runOnlyForDeploymentPostprocessing = 0;
			shellPath = /bin/sh;
			shellScript = "\"${PODS_ROOT}/Target Support Files/Pods-MusicLibrary/Pods-MusicLibrary-frameworks.sh\"\n";
			showEnvVarsInLog = 0;
		};
/* End PBXShellScriptBuildPhase section */

/* Begin PBXSourcesBuildPhase section */
		BDBE356127C103D4008252A0 /* Sources */ = {
			isa = PBXSourcesBuildPhase;
			buildActionMask = 2147483647;
			files = (
				BDBE358727C10F57008252A0 /* TabBarInteractor.swift in Sources */,
				BDBE360227C2CA0F008252A0 /* Image.swift in Sources */,
				BDBE35FE27C2B8AE008252A0 /* Extension + UITableView.swift in Sources */,
				BDBE35CD27C140E8008252A0 /* Service.swift in Sources */,
				BDBE358427C10F56008252A0 /* TabBarPresenter.swift in Sources */,
				BDBE356D27C103D4008252A0 /* ViewController.swift in Sources */,
				BDBE359327C11053008252A0 /* LibraryModels.swift in Sources */,
				BDBE35CF27C140F4008252A0 /* APIManager.swift in Sources */,
				BDBE35CB27C140B4008252A0 /* Router.swift in Sources */,
				BDBE356927C103D4008252A0 /* AppDelegate.swift in Sources */,
				BDBE35D127C14132008252A0 /* Reachability.swift in Sources */,
				BDBE358927C10F57008252A0 /* TabBarVC.swift in Sources */,
				BDBE35C527C13B2C008252A0 /* Colors.swift in Sources */,
				BDBE359227C11053008252A0 /* LibraryRouter.swift in Sources */,
				BDBE359427C11053008252A0 /* LibraryInteractor.swift in Sources */,
				BDBE356B27C103D4008252A0 /* SceneDelegate.swift in Sources */,
				BDBE35A127C110C6008252A0 /* FavoriteInteractor.swift in Sources */,
				BDBE35D327C149AA008252A0 /* MusicModel.swift in Sources */,
				BDBE359F27C110C6008252A0 /* FavoriteRouter.swift in Sources */,
				BDBE358827C10F57008252A0 /* TabBarProtocol.swift in Sources */,
				BDBE35B827C11F36008252A0 /* SongTableViewCell.swift in Sources */,
				BDBE35A027C110C6008252A0 /* FavoriteModels.swift in Sources */,
				BDBE359E27C110C6008252A0 /* FavoritePresenter.swift in Sources */,
				BDBE358527C10F56008252A0 /* TabBarRouter.swift in Sources */,
				BDBE35C327C13A30008252A0 /* Configures.swift in Sources */,
				BDBE360027C2BD70008252A0 /* Extension + UIColor.swift in Sources */,
				BDBE35A227C110C6008252A0 /* FavoriteProtocol.swift in Sources */,
				BDBE35FC27C179AB008252A0 /* FavoriteSongs.swift in Sources */,
				BDBE359527C11053008252A0 /* LibraryProtocol.swift in Sources */,
				BDBE359127C11053008252A0 /* LibraryPresenter.swift in Sources */,
				BDBE358627C10F56008252A0 /* TabBarModels.swift in Sources */,
				BDBE35C727C13DB8008252A0 /* Identifiers.swift in Sources */,
				BDBE35F627C1725A008252A0 /* FavoriteSongs.xcdatamodeld in Sources */,
				BDBE35BF27C1221B008252A0 /* MusicListTableViewController.swift in Sources */,
				BDBE35A327C110C6008252A0 /* FavoriteVC.swift in Sources */,
				BDBE359627C11053008252A0 /* LibraryVC.swift in Sources */,
			);
			runOnlyForDeploymentPostprocessing = 0;
		};
/* End PBXSourcesBuildPhase section */

/* Begin PBXVariantGroup section */
		BDBE356E27C103D4008252A0 /* Main.storyboard */ = {
			isa = PBXVariantGroup;
			children = (
				BDBE356F27C103D4008252A0 /* Base */,
			);
			name = Main.storyboard;
			sourceTree = "<group>";
		};
		BDBE357327C103D5008252A0 /* LaunchScreen.storyboard */ = {
			isa = PBXVariantGroup;
			children = (
				BDBE357427C103D5008252A0 /* Base */,
			);
			name = LaunchScreen.storyboard;
			sourceTree = "<group>";
		};
/* End PBXVariantGroup section */

/* Begin XCBuildConfiguration section */
		BDBE357727C103D5008252A0 /* Debug */ = {
			isa = XCBuildConfiguration;
			buildSettings = {
				ALWAYS_SEARCH_USER_PATHS = NO;
				CLANG_ANALYZER_NONNULL = YES;
				CLANG_ANALYZER_NUMBER_OBJECT_CONVERSION = YES_AGGRESSIVE;
				CLANG_CXX_LANGUAGE_STANDARD = "gnu++17";
				CLANG_CXX_LIBRARY = "libc++";
				CLANG_ENABLE_MODULES = YES;
				CLANG_ENABLE_OBJC_ARC = YES;
				CLANG_ENABLE_OBJC_WEAK = YES;
				CLANG_WARN_BLOCK_CAPTURE_AUTORELEASING = YES;
				CLANG_WARN_BOOL_CONVERSION = YES;
				CLANG_WARN_COMMA = YES;
				CLANG_WARN_CONSTANT_CONVERSION = YES;
				CLANG_WARN_DEPRECATED_OBJC_IMPLEMENTATIONS = YES;
				CLANG_WARN_DIRECT_OBJC_ISA_USAGE = YES_ERROR;
				CLANG_WARN_DOCUMENTATION_COMMENTS = YES;
				CLANG_WARN_EMPTY_BODY = YES;
				CLANG_WARN_ENUM_CONVERSION = YES;
				CLANG_WARN_INFINITE_RECURSION = YES;
				CLANG_WARN_INT_CONVERSION = YES;
				CLANG_WARN_NON_LITERAL_NULL_CONVERSION = YES;
				CLANG_WARN_OBJC_IMPLICIT_RETAIN_SELF = YES;
				CLANG_WARN_OBJC_LITERAL_CONVERSION = YES;
				CLANG_WARN_OBJC_ROOT_CLASS = YES_ERROR;
				CLANG_WARN_QUOTED_INCLUDE_IN_FRAMEWORK_HEADER = YES;
				CLANG_WARN_RANGE_LOOP_ANALYSIS = YES;
				CLANG_WARN_STRICT_PROTOTYPES = YES;
				CLANG_WARN_SUSPICIOUS_MOVE = YES;
				CLANG_WARN_UNGUARDED_AVAILABILITY = YES_AGGRESSIVE;
				CLANG_WARN_UNREACHABLE_CODE = YES;
				CLANG_WARN__DUPLICATE_METHOD_MATCH = YES;
				COPY_PHASE_STRIP = NO;
				DEBUG_INFORMATION_FORMAT = dwarf;
				ENABLE_STRICT_OBJC_MSGSEND = YES;
				ENABLE_TESTABILITY = YES;
				GCC_C_LANGUAGE_STANDARD = gnu11;
				GCC_DYNAMIC_NO_PIC = NO;
				GCC_NO_COMMON_BLOCKS = YES;
				GCC_OPTIMIZATION_LEVEL = 0;
				GCC_PREPROCESSOR_DEFINITIONS = (
					"DEBUG=1",
					"$(inherited)",
				);
				GCC_WARN_64_TO_32_BIT_CONVERSION = YES;
				GCC_WARN_ABOUT_RETURN_TYPE = YES_ERROR;
				GCC_WARN_UNDECLARED_SELECTOR = YES;
				GCC_WARN_UNINITIALIZED_AUTOS = YES_AGGRESSIVE;
				GCC_WARN_UNUSED_FUNCTION = YES;
				GCC_WARN_UNUSED_VARIABLE = YES;
				IPHONEOS_DEPLOYMENT_TARGET = 15.2;
				MTL_ENABLE_DEBUG_INFO = INCLUDE_SOURCE;
				MTL_FAST_MATH = YES;
				ONLY_ACTIVE_ARCH = YES;
				SDKROOT = iphoneos;
				SWIFT_ACTIVE_COMPILATION_CONDITIONS = DEBUG;
				SWIFT_OPTIMIZATION_LEVEL = "-Onone";
			};
			name = Debug;
		};
		BDBE357827C103D5008252A0 /* Release */ = {
			isa = XCBuildConfiguration;
			buildSettings = {
				ALWAYS_SEARCH_USER_PATHS = NO;
				CLANG_ANALYZER_NONNULL = YES;
				CLANG_ANALYZER_NUMBER_OBJECT_CONVERSION = YES_AGGRESSIVE;
				CLANG_CXX_LANGUAGE_STANDARD = "gnu++17";
				CLANG_CXX_LIBRARY = "libc++";
				CLANG_ENABLE_MODULES = YES;
				CLANG_ENABLE_OBJC_ARC = YES;
				CLANG_ENABLE_OBJC_WEAK = YES;
				CLANG_WARN_BLOCK_CAPTURE_AUTORELEASING = YES;
				CLANG_WARN_BOOL_CONVERSION = YES;
				CLANG_WARN_COMMA = YES;
				CLANG_WARN_CONSTANT_CONVERSION = YES;
				CLANG_WARN_DEPRECATED_OBJC_IMPLEMENTATIONS = YES;
				CLANG_WARN_DIRECT_OBJC_ISA_USAGE = YES_ERROR;
				CLANG_WARN_DOCUMENTATION_COMMENTS = YES;
				CLANG_WARN_EMPTY_BODY = YES;
				CLANG_WARN_ENUM_CONVERSION = YES;
				CLANG_WARN_INFINITE_RECURSION = YES;
				CLANG_WARN_INT_CONVERSION = YES;
				CLANG_WARN_NON_LITERAL_NULL_CONVERSION = YES;
				CLANG_WARN_OBJC_IMPLICIT_RETAIN_SELF = YES;
				CLANG_WARN_OBJC_LITERAL_CONVERSION = YES;
				CLANG_WARN_OBJC_ROOT_CLASS = YES_ERROR;
				CLANG_WARN_QUOTED_INCLUDE_IN_FRAMEWORK_HEADER = YES;
				CLANG_WARN_RANGE_LOOP_ANALYSIS = YES;
				CLANG_WARN_STRICT_PROTOTYPES = YES;
				CLANG_WARN_SUSPICIOUS_MOVE = YES;
				CLANG_WARN_UNGUARDED_AVAILABILITY = YES_AGGRESSIVE;
				CLANG_WARN_UNREACHABLE_CODE = YES;
				CLANG_WARN__DUPLICATE_METHOD_MATCH = YES;
				COPY_PHASE_STRIP = NO;
				DEBUG_INFORMATION_FORMAT = "dwarf-with-dsym";
				ENABLE_NS_ASSERTIONS = NO;
				ENABLE_STRICT_OBJC_MSGSEND = YES;
				GCC_C_LANGUAGE_STANDARD = gnu11;
				GCC_NO_COMMON_BLOCKS = YES;
				GCC_WARN_64_TO_32_BIT_CONVERSION = YES;
				GCC_WARN_ABOUT_RETURN_TYPE = YES_ERROR;
				GCC_WARN_UNDECLARED_SELECTOR = YES;
				GCC_WARN_UNINITIALIZED_AUTOS = YES_AGGRESSIVE;
				GCC_WARN_UNUSED_FUNCTION = YES;
				GCC_WARN_UNUSED_VARIABLE = YES;
				IPHONEOS_DEPLOYMENT_TARGET = 15.2;
				MTL_ENABLE_DEBUG_INFO = NO;
				MTL_FAST_MATH = YES;
				SDKROOT = iphoneos;
				SWIFT_COMPILATION_MODE = wholemodule;
				SWIFT_OPTIMIZATION_LEVEL = "-O";
				VALIDATE_PRODUCT = YES;
			};
			name = Release;
		};
		BDBE357A27C103D5008252A0 /* Debug */ = {
			isa = XCBuildConfiguration;
			baseConfigurationReference = 405793E2E2B49F9325A156D4 /* Pods-MusicLibrary.debug.xcconfig */;
			buildSettings = {
				ASSETCATALOG_COMPILER_APPICON_NAME = AppIcon;
				ASSETCATALOG_COMPILER_GLOBAL_ACCENT_COLOR_NAME = AccentColor;
				CODE_SIGN_STYLE = Automatic;
				CURRENT_PROJECT_VERSION = 1;
				DEVELOPMENT_TEAM = RMQNS23DVX;
				GENERATE_INFOPLIST_FILE = YES;
				INFOPLIST_FILE = MusicLibrary/Info.plist;
				INFOPLIST_KEY_UIApplicationSupportsIndirectInputEvents = YES;
				INFOPLIST_KEY_UILaunchStoryboardName = LaunchScreen;
				INFOPLIST_KEY_UIMainStoryboardFile = Main;
				INFOPLIST_KEY_UISupportedInterfaceOrientations_iPad = "UIInterfaceOrientationPortrait UIInterfaceOrientationPortraitUpsideDown UIInterfaceOrientationLandscapeLeft UIInterfaceOrientationLandscapeRight";
				INFOPLIST_KEY_UISupportedInterfaceOrientations_iPhone = "UIInterfaceOrientationPortrait UIInterfaceOrientationLandscapeLeft UIInterfaceOrientationLandscapeRight";
				LD_RUNPATH_SEARCH_PATHS = (
					"$(inherited)",
					"@executable_path/Frameworks",
				);
				MARKETING_VERSION = 1.0;
				PRODUCT_BUNDLE_IDENTIFIER = com.mike.MusicLibrary;
				PRODUCT_NAME = "$(TARGET_NAME)";
				SWIFT_EMIT_LOC_STRINGS = YES;
				SWIFT_VERSION = 5.0;
				TARGETED_DEVICE_FAMILY = "1,2";
			};
			name = Debug;
		};
		BDBE357B27C103D5008252A0 /* Release */ = {
			isa = XCBuildConfiguration;
			baseConfigurationReference = 623F077D66A1BF952682EBA2 /* Pods-MusicLibrary.release.xcconfig */;
			buildSettings = {
				ASSETCATALOG_COMPILER_APPICON_NAME = AppIcon;
				ASSETCATALOG_COMPILER_GLOBAL_ACCENT_COLOR_NAME = AccentColor;
				CODE_SIGN_STYLE = Automatic;
				CURRENT_PROJECT_VERSION = 1;
				DEVELOPMENT_TEAM = RMQNS23DVX;
				GENERATE_INFOPLIST_FILE = YES;
				INFOPLIST_FILE = MusicLibrary/Info.plist;
				INFOPLIST_KEY_UIApplicationSupportsIndirectInputEvents = YES;
				INFOPLIST_KEY_UILaunchStoryboardName = LaunchScreen;
				INFOPLIST_KEY_UIMainStoryboardFile = Main;
				INFOPLIST_KEY_UISupportedInterfaceOrientations_iPad = "UIInterfaceOrientationPortrait UIInterfaceOrientationPortraitUpsideDown UIInterfaceOrientationLandscapeLeft UIInterfaceOrientationLandscapeRight";
				INFOPLIST_KEY_UISupportedInterfaceOrientations_iPhone = "UIInterfaceOrientationPortrait UIInterfaceOrientationLandscapeLeft UIInterfaceOrientationLandscapeRight";
				LD_RUNPATH_SEARCH_PATHS = (
					"$(inherited)",
					"@executable_path/Frameworks",
				);
				MARKETING_VERSION = 1.0;
				PRODUCT_BUNDLE_IDENTIFIER = com.mike.MusicLibrary;
				PRODUCT_NAME = "$(TARGET_NAME)";
				SWIFT_EMIT_LOC_STRINGS = YES;
				SWIFT_VERSION = 5.0;
				TARGETED_DEVICE_FAMILY = "1,2";
			};
			name = Release;
		};
/* End XCBuildConfiguration section */

/* Begin XCConfigurationList section */
		BDBE356027C103D4008252A0 /* Build configuration list for PBXProject "MusicLibrary" */ = {
			isa = XCConfigurationList;
			buildConfigurations = (
				BDBE357727C103D5008252A0 /* Debug */,
				BDBE357827C103D5008252A0 /* Release */,
			);
			defaultConfigurationIsVisible = 0;
			defaultConfigurationName = Release;
		};
		BDBE357927C103D5008252A0 /* Build configuration list for PBXNativeTarget "MusicLibrary" */ = {
			isa = XCConfigurationList;
			buildConfigurations = (
				BDBE357A27C103D5008252A0 /* Debug */,
				BDBE357B27C103D5008252A0 /* Release */,
			);
			defaultConfigurationIsVisible = 0;
			defaultConfigurationName = Release;
		};
/* End XCConfigurationList section */

/* Begin XCVersionGroup section */
		BDBE35F427C1725A008252A0 /* FavoriteSongs.xcdatamodeld */ = {
			isa = XCVersionGroup;
			children = (
				BDBE35F527C1725A008252A0 /* FavoriteSongs.xcdatamodel */,
			);
			currentVersion = BDBE35F527C1725A008252A0 /* FavoriteSongs.xcdatamodel */;
			path = FavoriteSongs.xcdatamodeld;
			sourceTree = "<group>";
			versionGroupType = wrapper.xcdatamodel;
		};
/* End XCVersionGroup section */
	};
	rootObject = BDBE355D27C103D4008252A0 /* Project object */;
}
